
Microsoft Visual Studio Solution File, Format Version 12.00
# Visual Studio Version 17
VisualStudioVersion = 17.3.32901.215
MinimumVisualStudioVersion = 10.0.40219.1
Project("{8BC9CEB8-8B4A-11D0-8D11-00A0C91BC942}") = "prog_2", "prog_2\prog_2.vcxproj", "{438B5908-BE14-4018-9947-6869B7BEE2AD}"
EndProject
Global
	GlobalSection(SolutionConfigurationPlatforms) = preSolution
		Debug|x64 = Debug|x64
		Debug|x86 = Debug|x86
		Release|x64 = Release|x64
		Release|x86 = Release|x86
	EndGlobalSection
	GlobalSection(ProjectConfigurationPlatforms) = postSolution
		{438B5908-BE14-4018-9947-6869B7BEE2AD}.Debug|x64.ActiveCfg = Debug|x64
		{438B5908-BE14-4018-9947-6869B7BEE2AD}.Debug|x64.Build.0 = Debug|x64
		{438B5908-BE14-4018-9947-6869B7BEE2AD}.Debug|x86.ActiveCfg = Debug|Win32
		{438B5908-BE14-4018-9947-6869B7BEE2AD}.Debug|x86.Build.0 = Debug|Win32
		{438B5908-BE14-4018-9947-6869B7BEE2AD}.Release|x64.ActiveCfg = Release|x64
		{438B5908-BE14-4018-9947-6869B7BEE2AD}.Release|x64.Build.0 = Release|x64
		{438B5908-BE14-4018-9947-6869B7BEE2AD}.Release|x86.ActiveCfg = Release|Win32
		{438B5908-BE14-4018-9947-6869B7BEE2AD}.Release|x86.Build.0 = Release|Win32
	EndGlobalSection
	GlobalSection(SolutionProperties) = preSolution
		HideSolutionNode = FALSE
	EndGlobalSection
	GlobalSection(ExtensibilityGlobals) = postSolution
		SolutionGuid = {78BC770B-7434-4FAD-8758-33A2BBB5ABD6}
	EndGlobalSection
EndGlobal
